
Microsoft Visual Studio Solution File, Format Version 11.00
# Visual Studio 2010
Project("{FAE04EC0-301F-11D3-BF4B-00C04F79EFBC}") = "BadassTanksXNA", "BadassTanksXNA\BadassTanksXNA\BadassTanksXNA.csproj", "{418F0A72-B134-4F18-9597-454053E069E7}"
EndProject
Project("{FAE04EC0-301F-11D3-BF4B-00C04F79EFBC}") = "BadassTanksXNAContent", "BadassTanksXNA\BadassTanksXNAContent\BadassTanksXNAContent.contentproj", "{51753F01-9111-4C9C-BE29-0E4A3D393C14}"
EndProject
Project("{FAE04EC0-301F-11D3-BF4B-00C04F79EFBC}") = "KerpEngine_1.0", "Engine_Core_2D\KerpEngine_1.0.csproj", "{9A4E8805-276A-4406-89D4-6DC1467C5A9E}"
EndProject
Global
	GlobalSection(SolutionConfigurationPlatforms) = preSolution
		Debug|Any CPU = Debug|Any CPU
		Debug|x86 = Debug|x86
		Release|Any CPU = Release|Any CPU
		Release|x86 = Release|x86
	EndGlobalSection
	GlobalSection(ProjectConfigurationPlatforms) = postSolution
		{418F0A72-B134-4F18-9597-454053E069E7}.Debug|Any CPU.ActiveCfg = Debug|x86
		{418F0A72-B134-4F18-9597-454053E069E7}.Debug|x86.ActiveCfg = Debug|x86
		{418F0A72-B134-4F18-9597-454053E069E7}.Debug|x86.Build.0 = Debug|x86
		{418F0A72-B134-4F18-9597-454053E069E7}.Release|Any CPU.ActiveCfg = Release|x86
		{418F0A72-B134-4F18-9597-454053E069E7}.Release|x86.ActiveCfg = Release|x86
		{418F0A72-B134-4F18-9597-454053E069E7}.Release|x86.Build.0 = Release|x86
		{51753F01-9111-4C9C-BE29-0E4A3D393C14}.Debug|Any CPU.ActiveCfg = Debug|x86
		{51753F01-9111-4C9C-BE29-0E4A3D393C14}.Debug|x86.ActiveCfg = Debug|x86
		{51753F01-9111-4C9C-BE29-0E4A3D393C14}.Release|Any CPU.ActiveCfg = Release|x86
		{51753F01-9111-4C9C-BE29-0E4A3D393C14}.Release|x86.ActiveCfg = Release|x86
		{9A4E8805-276A-4406-89D4-6DC1467C5A9E}.Debug|Any CPU.ActiveCfg = Debug|x86
		{9A4E8805-276A-4406-89D4-6DC1467C5A9E}.Debug|x86.ActiveCfg = Debug|x86
		{9A4E8805-276A-4406-89D4-6DC1467C5A9E}.Debug|x86.Build.0 = Debug|x86
		{9A4E8805-276A-4406-89D4-6DC1467C5A9E}.Release|Any CPU.ActiveCfg = Release|x86
		{9A4E8805-276A-4406-89D4-6DC1467C5A9E}.Release|x86.ActiveCfg = Release|x86
		{9A4E8805-276A-4406-89D4-6DC1467C5A9E}.Release|x86.Build.0 = Release|x86
	EndGlobalSection
	GlobalSection(SolutionProperties) = preSolution
		HideSolutionNode = FALSE
	EndGlobalSection
	GlobalSection(ExtensibilityGlobals) = postSolution
		VisualSVNWorkingCopyRoot = .
	EndGlobalSection
EndGlobal
